
Microsoft Visual Studio Solution File, Format Version 12.00
# Visual Studio Version 16
VisualStudioVersion = 16.0.30309.148
MinimumVisualStudioVersion = 10.0.40219.1
Project("{FAE04EC0-301F-11D3-BF4B-00C04F79EFBC}") = "CustomUserManagement", "CustomUserManagement\CustomUserManagement.csproj", "{AE74A549-BB69-4994-AD5C-4E80AEB13400}"
EndProject
Global
	GlobalSection(SolutionConfigurationPlatforms) = preSolution
		Debug|Any CPU = Debug|Any CPU
		Release|Any CPU = Release|Any CPU
	EndGlobalSection
	GlobalSection(ProjectConfigurationPlatforms) = postSolution
		{AE74A549-BB69-4994-AD5C-4E80AEB13400}.Debug|Any CPU.ActiveCfg = Debug|Any CPU
		{AE74A549-BB69-4994-AD5C-4E80AEB13400}.Debug|Any CPU.Build.0 = Debug|Any CPU
		{AE74A549-BB69-4994-AD5C-4E80AEB13400}.Release|Any CPU.ActiveCfg = Release|Any CPU
		{AE74A549-BB69-4994-AD5C-4E80AEB13400}.Release|Any CPU.Build.0 = Release|Any CPU
	EndGlobalSection
	GlobalSection(SolutionProperties) = preSolution
		HideSolutionNode = FALSE
	EndGlobalSection
	GlobalSection(ExtensibilityGlobals) = postSolution
		SolutionGuid = {38FE0921-B5BA-4268-AB04-F3B05C26B66E}
	EndGlobalSection
EndGlobal
